
Microsoft Visual Studio Solution File, Format Version 12.00
# Visual Studio Version 17
VisualStudioVersion = 17.4.33205.214
MinimumVisualStudioVersion = 10.0.40219.1
Project("{9A19103F-16F7-4668-BE54-9A1E7A4F7556}") = "Sikkerhetsakademiet", "Sikkerhetsakademiet\Sikkerhetsakademiet.csproj", "{106713A6-4CA0-432D-8498-CB5A2D46EA21}"
EndProject
Global
	GlobalSection(SolutionConfigurationPlatforms) = preSolution
		Debug|Any CPU = Debug|Any CPU
		Release|Any CPU = Release|Any CPU
	EndGlobalSection
	GlobalSection(ProjectConfigurationPlatforms) = postSolution
		{106713A6-4CA0-432D-8498-CB5A2D46EA21}.Debug|Any CPU.ActiveCfg = Debug|Any CPU
		{106713A6-4CA0-432D-8498-CB5A2D46EA21}.Debug|Any CPU.Build.0 = Debug|Any CPU
		{106713A6-4CA0-432D-8498-CB5A2D46EA21}.Release|Any CPU.ActiveCfg = Release|Any CPU
		{106713A6-4CA0-432D-8498-CB5A2D46EA21}.Release|Any CPU.Build.0 = Release|Any CPU
	EndGlobalSection
	GlobalSection(SolutionProperties) = preSolution
		HideSolutionNode = FALSE
	EndGlobalSection
	GlobalSection(ExtensibilityGlobals) = postSolution
		SolutionGuid = {6A58CE69-FC4D-42CF-952F-A5193079779A}
	EndGlobalSection
EndGlobal
